// !$*UTF8*$!
{
	archiveVersion = 1;
	classes = {
	};
	objectVersion = 46;
	objects = {

/* Begin PBXBuildFile section */
		3B32333119AFD0B6002C1CB6 /* AppDelegate.swift in Sources */ = {isa = PBXBuildFile; fileRef = 3B32333019AFD0B6002C1CB6 /* AppDelegate.swift */; };
		3B32333319AFD0B6002C1CB6 /* MasterViewController.swift in Sources */ = {isa = PBXBuildFile; fileRef = 3B32333219AFD0B6002C1CB6 /* MasterViewController.swift */; };
		3B32333519AFD0B6002C1CB6 /* DetailViewController.swift in Sources */ = {isa = PBXBuildFile; fileRef = 3B32333419AFD0B6002C1CB6 /* DetailViewController.swift */; };
		3B32333819AFD0B6002C1CB6 /* Main.storyboard in Resources */ = {isa = PBXBuildFile; fileRef = 3B32333619AFD0B6002C1CB6 /* Main.storyboard */; };
		3B32333A19AFD0B6002C1CB6 /* Images.xcassets in Resources */ = {isa = PBXBuildFile; fileRef = 3B32333919AFD0B6002C1CB6 /* Images.xcassets */; };
		3B32334619AFD0B6002C1CB6 /* CookBook_SwiftTests.swift in Sources */ = {isa = PBXBuildFile; fileRef = 3B32334519AFD0B6002C1CB6 /* CookBook_SwiftTests.swift */; };
		3B32335019AFD0C7002C1CB6 /* RecipeManager.swift in Sources */ = {isa = PBXBuildFile; fileRef = 3B32334F19AFD0C7002C1CB6 /* RecipeManager.swift */; };
		3B32335319AFD0FA002C1CB6 /* cesnecka.jpg in Resources */ = {isa = PBXBuildFile; fileRef = 3B32335119AFD0FA002C1CB6 /* cesnecka.jpg */; };
		3B32335419AFD0FA002C1CB6 /* gulas.jpg in Resources */ = {isa = PBXBuildFile; fileRef = 3B32335219AFD0FA002C1CB6 /* gulas.jpg */; };
		3B32335619AFD54F002C1CB6 /* RecipeViewController.swift in Sources */ = {isa = PBXBuildFile; fileRef = 3B32335519AFD54F002C1CB6 /* RecipeViewController.swift */; };
		3B32338519AFED3F002C1CB6 /* unknown.jpg in Resources */ = {isa = PBXBuildFile; fileRef = 3B32338419AFED3F002C1CB6 /* unknown.jpg */; };
/* End PBXBuildFile section */

/* Begin PBXContainerItemProxy section */
		3B32334019AFD0B6002C1CB6 /* PBXContainerItemProxy */ = {
			isa = PBXContainerItemProxy;
			containerPortal = 3B32332319AFD0B6002C1CB6 /* Project object */;
			proxyType = 1;
			remoteGlobalIDString = 3B32332A19AFD0B6002C1CB6;
			remoteInfo = "CookBook-Swift";
		};
/* End PBXContainerItemProxy section */

/* Begin PBXFileReference section */
		3B32332B19AFD0B6002C1CB6 /* CookBook-Swift.app */ = {isa = PBXFileReference; explicitFileType = wrapper.application; includeInIndex = 0; path = "CookBook-Swift.app"; sourceTree = BUILT_PRODUCTS_DIR; };
		3B32332F19AFD0B6002C1CB6 /* Info.plist */ = {isa = PBXFileReference; lastKnownFileType = text.plist.xml; path = Info.plist; sourceTree = "<group>"; };
		3B32333019AFD0B6002C1CB6 /* AppDelegate.swift */ = {isa = PBXFileReference; lastKnownFileType = sourcecode.swift; path = AppDelegate.swift; sourceTree = "<group>"; };
		3B32333219AFD0B6002C1CB6 /* MasterViewController.swift */ = {isa = PBXFileReference; lastKnownFileType = sourcecode.swift; path = MasterViewController.swift; sourceTree = "<group>"; };
		3B32333419AFD0B6002C1CB6 /* DetailViewController.swift */ = {isa = PBXFileReference; lastKnownFileType = sourcecode.swift; path = DetailViewController.swift; sourceTree = "<group>"; };
		3B32333719AFD0B6002C1CB6 /* Base */ = {isa = PBXFileReference; lastKnownFileType = file.storyboard; name = Base; path = Base.lproj/Main.storyboard; sourceTree = "<group>"; };
		3B32333919AFD0B6002C1CB6 /* Images.xcassets */ = {isa = PBXFileReference; lastKnownFileType = folder.assetcatalog; path = Images.xcassets; sourceTree = "<group>"; };
		3B32333F19AFD0B6002C1CB6 /* CookBook-SwiftTests.xctest */ = {isa = PBXFileReference; explicitFileType = wrapper.cfbundle; includeInIndex = 0; path = "CookBook-SwiftTests.xctest"; sourceTree = BUILT_PRODUCTS_DIR; };
		3B32334419AFD0B6002C1CB6 /* Info.plist */ = {isa = PBXFileReference; lastKnownFileType = text.plist.xml; path = Info.plist; sourceTree = "<group>"; };
		3B32334519AFD0B6002C1CB6 /* CookBook_SwiftTests.swift */ = {isa = PBXFileReference; lastKnownFileType = sourcecode.swift; path = CookBook_SwiftTests.swift; sourceTree = "<group>"; };
		3B32334F19AFD0C7002C1CB6 /* RecipeManager.swift */ = {isa = PBXFileReference; fileEncoding = 4; lastKnownFileType = sourcecode.swift; path = RecipeManager.swift; sourceTree = "<group>"; };
		3B32335119AFD0FA002C1CB6 /* cesnecka.jpg */ = {isa = PBXFileReference; lastKnownFileType = image.jpeg; name = cesnecka.jpg; path = Images/cesnecka.jpg; sourceTree = SOURCE_ROOT; };
		3B32335219AFD0FA002C1CB6 /* gulas.jpg */ = {isa = PBXFileReference; lastKnownFileType = image.jpeg; name = gulas.jpg; path = Images/gulas.jpg; sourceTree = SOURCE_ROOT; };
		3B32335519AFD54F002C1CB6 /* RecipeViewController.swift */ = {isa = PBXFileReference; fileEncoding = 4; lastKnownFileType = sourcecode.swift; path = RecipeViewController.swift; sourceTree = "<group>"; };
		3B32338419AFED3F002C1CB6 /* unknown.jpg */ = {isa = PBXFileReference; lastKnownFileType = image.jpeg; name = unknown.jpg; path = Images/unknown.jpg; sourceTree = SOURCE_ROOT; };
/* End PBXFileReference section */

/* Begin PBXFrameworksBuildPhase section */
		3B32332819AFD0B6002C1CB6 /* Frameworks */ = {
			isa = PBXFrameworksBuildPhase;
			buildActionMask = 2147483647;
			files = (
			);
			runOnlyForDeploymentPostprocessing = 0;
		};
		3B32333C19AFD0B6002C1CB6 /* Frameworks */ = {
			isa = PBXFrameworksBuildPhase;
			buildActionMask = 2147483647;
			files = (
			);
			runOnlyForDeploymentPostprocessing = 0;
		};
/* End PBXFrameworksBuildPhase section */

/* Begin PBXGroup section */
		3B32332219AFD0B6002C1CB6 = {
			isa = PBXGroup;
			children = (
				3B32332D19AFD0B6002C1CB6 /* CookBook-Swift */,
				3B32334219AFD0B6002C1CB6 /* CookBook-SwiftTests */,
				3B32332C19AFD0B6002C1CB6 /* Products */,
			);
			sourceTree = "<group>";
		};
		3B32332C19AFD0B6002C1CB6 /* Products */ = {
			isa = PBXGroup;
			children = (
				3B32332B19AFD0B6002C1CB6 /* CookBook-Swift.app */,
				3B32333F19AFD0B6002C1CB6 /* CookBook-SwiftTests.xctest */,
			);
			name = Products;
			sourceTree = "<group>";
		};
		3B32332D19AFD0B6002C1CB6 /* CookBook-Swift */ = {
			isa = PBXGroup;
			children = (
				3B32333019AFD0B6002C1CB6 /* AppDelegate.swift */,
				3B32333219AFD0B6002C1CB6 /* MasterViewController.swift */,
				3B32333419AFD0B6002C1CB6 /* DetailViewController.swift */,
				3B32335519AFD54F002C1CB6 /* RecipeViewController.swift */,
				3B32334F19AFD0C7002C1CB6 /* RecipeManager.swift */,
				3B32333619AFD0B6002C1CB6 /* Main.storyboard */,
				3B32333919AFD0B6002C1CB6 /* Images.xcassets */,
				3B32335119AFD0FA002C1CB6 /* cesnecka.jpg */,
				3B32338419AFED3F002C1CB6 /* unknown.jpg */,
				3B32335219AFD0FA002C1CB6 /* gulas.jpg */,
				3B32332E19AFD0B6002C1CB6 /* Supporting Files */,
			);
			path = "CookBook-Swift";
			sourceTree = "<group>";
		};
		3B32332E19AFD0B6002C1CB6 /* Supporting Files */ = {
			isa = PBXGroup;
			children = (
				3B32332F19AFD0B6002C1CB6 /* Info.plist */,
			);
			name = "Supporting Files";
			sourceTree = "<group>";
		};
		3B32334219AFD0B6002C1CB6 /* CookBook-SwiftTests */ = {
			isa = PBXGroup;
			children = (
				3B32334519AFD0B6002C1CB6 /* CookBook_SwiftTests.swift */,
				3B32334319AFD0B6002C1CB6 /* Supporting Files */,
			);
			path = "CookBook-SwiftTests";
			sourceTree = "<group>";
		};
		3B32334319AFD0B6002C1CB6 /* Supporting Files */ = {
			isa = PBXGroup;
			children = (
				3B32334419AFD0B6002C1CB6 /* Info.plist */,
			);
			name = "Supporting Files";
			sourceTree = "<group>";
		};
/* End PBXGroup section */

/* Begin PBXNativeTarget section */
		3B32332A19AFD0B6002C1CB6 /* CookBook-Swift */ = {
			isa = PBXNativeTarget;
			buildConfigurationList = 3B32334919AFD0B6002C1CB6 /* Build configuration list for PBXNativeTarget "CookBook-Swift" */;
			buildPhases = (
				3B32332719AFD0B6002C1CB6 /* Sources */,
				3B32332819AFD0B6002C1CB6 /* Frameworks */,
				3B32332919AFD0B6002C1CB6 /* Resources */,
			);
			buildRules = (
			);
			dependencies = (
			);
			name = "CookBook-Swift";
			productName = "CookBook-Swift";
			productReference = 3B32332B19AFD0B6002C1CB6 /* CookBook-Swift.app */;
			productType = "com.apple.product-type.application";
		};
		3B32333E19AFD0B6002C1CB6 /* CookBook-SwiftTests */ = {
			isa = PBXNativeTarget;
			buildConfigurationList = 3B32334C19AFD0B6002C1CB6 /* Build configuration list for PBXNativeTarget "CookBook-SwiftTests" */;
			buildPhases = (
				3B32333B19AFD0B6002C1CB6 /* Sources */,
				3B32333C19AFD0B6002C1CB6 /* Frameworks */,
				3B32333D19AFD0B6002C1CB6 /* Resources */,
			);
			buildRules = (
			);
			dependencies = (
				3B32334119AFD0B6002C1CB6 /* PBXTargetDependency */,
			);
			name = "CookBook-SwiftTests";
			productName = "CookBook-SwiftTests";
			productReference = 3B32333F19AFD0B6002C1CB6 /* CookBook-SwiftTests.xctest */;
			productType = "com.apple.product-type.bundle.unit-test";
		};
/* End PBXNativeTarget section */

/* Begin PBXProject section */
		3B32332319AFD0B6002C1CB6 /* Project object */ = {
			isa = PBXProject;
			attributes = {
				LastUpgradeCheck = 0600;
				ORGANIZATIONNAME = "Jakub Truhlar";
				TargetAttributes = {
					3B32332A19AFD0B6002C1CB6 = {
						CreatedOnToolsVersion = 6.0;
					};
					3B32333E19AFD0B6002C1CB6 = {
						CreatedOnToolsVersion = 6.0;
						TestTargetID = 3B32332A19AFD0B6002C1CB6;
					};
				};
			};
			buildConfigurationList = 3B32332619AFD0B6002C1CB6 /* Build configuration list for PBXProject "CookBook-Swift" */;
			compatibilityVersion = "Xcode 3.2";
			developmentRegion = English;
			hasScannedForEncodings = 0;
			knownRegions = (
				en,
				Base,
			);
			mainGroup = 3B32332219AFD0B6002C1CB6;
			productRefGroup = 3B32332C19AFD0B6002C1CB6 /* Products */;
			projectDirPath = "";
			projectRoot = "";
			targets = (
				3B32332A19AFD0B6002C1CB6 /* CookBook-Swift */,
				3B32333E19AFD0B6002C1CB6 /* CookBook-SwiftTests */,
			);
		};
/* End PBXProject section */

/* Begin PBXResourcesBuildPhase section */
		3B32332919AFD0B6002C1CB6 /* Resources */ = {
			isa = PBXResourcesBuildPhase;
			buildActionMask = 2147483647;
			files = (
				3B32335419AFD0FA002C1CB6 /* gulas.jpg in Resources */,
				3B32338519AFED3F002C1CB6 /* unknown.jpg in Resources */,
				3B32335319AFD0FA002C1CB6 /* cesnecka.jpg in Resources */,
				3B32333819AFD0B6002C1CB6 /* Main.storyboard in Resources */,
				3B32333A19AFD0B6002C1CB6 /* Images.xcassets in Resources */,
			);
			runOnlyForDeploymentPostprocessing = 0;
		};
		3B32333D19AFD0B6002C1CB6 /* Resources */ = {
			isa = PBXResourcesBuildPhase;
			buildActionMask = 2147483647;
			files = (
			);
			runOnlyForDeploymentPostprocessing = 0;
		};
/* End PBXResourcesBuildPhase section */

/* Begin PBXSourcesBuildPhase section */
		3B32332719AFD0B6002C1CB6 /* Sources */ = {
			isa = PBXSourcesBuildPhase;
			buildActionMask = 2147483647;
			files = (
				3B32333519AFD0B6002C1CB6 /* DetailViewController.swift in Sources */,
				3B32335019AFD0C7002C1CB6 /* RecipeManager.swift in Sources */,
				3B32333319AFD0B6002C1CB6 /* MasterViewController.swift in Sources */,
				3B32333119AFD0B6002C1CB6 /* AppDelegate.swift in Sources */,
				3B32335619AFD54F002C1CB6 /* RecipeViewController.swift in Sources */,
			);
			runOnlyForDeploymentPostprocessing = 0;
		};
		3B32333B19AFD0B6002C1CB6 /* Sources */ = {
			isa = PBXSourcesBuildPhase;
			buildActionMask = 2147483647;
			files = (
				3B32334619AFD0B6002C1CB6 /* CookBook_SwiftTests.swift in Sources */,
			);
			runOnlyForDeploymentPostprocessing = 0;
		};
/* End PBXSourcesBuildPhase section */

/* Begin PBXTargetDependency section */
		3B32334119AFD0B6002C1CB6 /* PBXTargetDependency */ = {
			isa = PBXTargetDependency;
			target = 3B32332A19AFD0B6002C1CB6 /* CookBook-Swift */;
			targetProxy = 3B32334019AFD0B6002C1CB6 /* PBXContainerItemProxy */;
		};
/* End PBXTargetDependency section */

/* Begin PBXVariantGroup section */
		3B32333619AFD0B6002C1CB6 /* Main.storyboard */ = {
			isa = PBXVariantGroup;
			children = (
				3B32333719AFD0B6002C1CB6 /* Base */,
			);
			name = Main.storyboard;
			sourceTree = "<group>";
		};
/* End PBXVariantGroup section */

/* Begin XCBuildConfiguration section */
		3B32334719AFD0B6002C1CB6 /* Debug */ = {
			isa = XCBuildConfiguration;
			buildSettings = {
				ALWAYS_SEARCH_USER_PATHS = NO;
				CLANG_CXX_LANGUAGE_STANDARD = "gnu++0x";
				CLANG_CXX_LIBRARY = "libc++";
				CLANG_ENABLE_MODULES = YES;
				CLANG_ENABLE_OBJC_ARC = YES;
				CLANG_WARN_BOOL_CONVERSION = YES;
				CLANG_WARN_CONSTANT_CONVERSION = YES;
				CLANG_WARN_DIRECT_OBJC_ISA_USAGE = YES_ERROR;
				CLANG_WARN_EMPTY_BODY = YES;
				CLANG_WARN_ENUM_CONVERSION = YES;
				CLANG_WARN_INT_CONVERSION = YES;
				CLANG_WARN_OBJC_ROOT_CLASS = YES_ERROR;
				CLANG_WARN_UNREACHABLE_CODE = YES;
				CLANG_WARN__DUPLICATE_METHOD_MATCH = YES;
				"CODE_SIGN_IDENTITY[sdk=iphoneos*]" = "iPhone Developer";
				COPY_PHASE_STRIP = NO;
				ENABLE_STRICT_OBJC_MSGSEND = YES;
				GCC_C_LANGUAGE_STANDARD = gnu99;
				GCC_DYNAMIC_NO_PIC = NO;
				GCC_OPTIMIZATION_LEVEL = 0;
				GCC_PREPROCESSOR_DEFINITIONS = (
					"DEBUG=1",
					"$(inherited)",
				);
				GCC_SYMBOLS_PRIVATE_EXTERN = NO;
				GCC_WARN_64_TO_32_BIT_CONVERSION = YES;
				GCC_WARN_ABOUT_RETURN_TYPE = YES_ERROR;
				GCC_WARN_UNDECLARED_SELECTOR = YES;
				GCC_WARN_UNINITIALIZED_AUTOS = YES_AGGRESSIVE;
				GCC_WARN_UNUSED_FUNCTION = YES;
				GCC_WARN_UNUSED_VARIABLE = YES;
				IPHONEOS_DEPLOYMENT_TARGET = 8.0;
				MTL_ENABLE_DEBUG_INFO = YES;
				ONLY_ACTIVE_ARCH = YES;
				SDKROOT = iphoneos;
				SWIFT_OPTIMIZATION_LEVEL = "-Onone";
			};
			name = Debug;
		};
		3B32334819AFD0B6002C1CB6 /* Release */ = {
			isa = XCBuildConfiguration;
			buildSettings = {
				ALWAYS_SEARCH_USER_PATHS = NO;
				CLANG_CXX_LANGUAGE_STANDARD = "gnu++0x";
				CLANG_CXX_LIBRARY = "libc++";
				CLANG_ENABLE_MODULES = YES;
				CLANG_ENABLE_OBJC_ARC = YES;
				CLANG_WARN_BOOL_CONVERSION = YES;
				CLANG_WARN_CONSTANT_CONVERSION = YES;
				CLANG_WARN_DIRECT_OBJC_ISA_USAGE = YES_ERROR;
				CLANG_WARN_EMPTY_BODY = YES;
				CLANG_WARN_ENUM_CONVERSION = YES;
				CLANG_WARN_INT_CONVERSION = YES;
				CLANG_WARN_OBJC_ROOT_CLASS = YES_ERROR;
				CLANG_WARN_UNREACHABLE_CODE = YES;
				CLANG_WARN__DUPLICATE_METHOD_MATCH = YES;
				"CODE_SIGN_IDENTITY[sdk=iphoneos*]" = "iPhone Developer";
				COPY_PHASE_STRIP = YES;
				ENABLE_NS_ASSERTIONS = NO;
				ENABLE_STRICT_OBJC_MSGSEND = YES;
				GCC_C_LANGUAGE_STANDARD = gnu99;
				GCC_WARN_64_TO_32_BIT_CONVERSION = YES;
				GCC_WARN_ABOUT_RETURN_TYPE = YES_ERROR;
				GCC_WARN_UNDECLARED_SELECTOR = YES;
				GCC_WARN_UNINITIALIZED_AUTOS = YES_AGGRESSIVE;
				GCC_WARN_UNUSED_FUNCTION = YES;
				GCC_WARN_UNUSED_VARIABLE = YES;
				IPHONEOS_DEPLOYMENT_TARGET = 8.0;
				MTL_ENABLE_DEBUG_INFO = NO;
				SDKROOT = iphoneos;
				VALIDATE_PRODUCT = YES;
			};
			name = Release;
		};
		3B32334A19AFD0B6002C1CB6 /* Debug */ = {
			isa = XCBuildConfiguration;
			buildSettings = {
				ASSETCATALOG_COMPILER_APPICON_NAME = AppIcon;
				ASSETCATALOG_COMPILER_LAUNCHIMAGE_NAME = LaunchImage;
				INFOPLIST_FILE = "CookBook-Swift/Info.plist";
				LD_RUNPATH_SEARCH_PATHS = "$(inherited) @executable_path/Frameworks";
				PRODUCT_NAME = "$(TARGET_NAME)";
			};
			name = Debug;
		};
		3B32334B19AFD0B6002C1CB6 /* Release */ = {
			isa = XCBuildConfiguration;
			buildSettings = {
				ASSETCATALOG_COMPILER_APPICON_NAME = AppIcon;
				ASSETCATALOG_COMPILER_LAUNCHIMAGE_NAME = LaunchImage;
				INFOPLIST_FILE = "CookBook-Swift/Info.plist";
				LD_RUNPATH_SEARCH_PATHS = "$(inherited) @executable_path/Frameworks";
				PRODUCT_NAME = "$(TARGET_NAME)";
			};
			name = Release;
		};
		3B32334D19AFD0B6002C1CB6 /* Debug */ = {
			isa = XCBuildConfiguration;
			buildSettings = {
				BUNDLE_LOADER = "$(TEST_HOST)";
				FRAMEWORK_SEARCH_PATHS = (
					"$(SDKROOT)/Developer/Library/Frameworks",
					"$(inherited)",
				);
				GCC_PREPROCESSOR_DEFINITIONS = (
					"DEBUG=1",
					"$(inherited)",
				);
				INFOPLIST_FILE = "CookBook-SwiftTests/Info.plist";
				LD_RUNPATH_SEARCH_PATHS = "$(inherited) @executable_path/Frameworks @loader_path/Frameworks";
				PRODUCT_NAME = "$(TARGET_NAME)";
				TEST_HOST = "$(BUILT_PRODUCTS_DIR)/CookBook-Swift.app/CookBook-Swift";
			};
			name = Debug;
		};
		3B32334E19AFD0B6002C1CB6 /* Release */ = {
			isa = XCBuildConfiguration;
			buildSettings = {
				BUNDLE_LOADER = "$(TEST_HOST)";
				FRAMEWORK_SEARCH_PATHS = (
					"$(SDKROOT)/Developer/Library/Frameworks",
					"$(inherited)",
				);
				INFOPLIST_FILE = "CookBook-SwiftTests/Info.plist";
				LD_RUNPATH_SEARCH_PATHS = "$(inherited) @executable_path/Frameworks @loader_path/Frameworks";
				PRODUCT_NAME = "$(TARGET_NAME)";
				TEST_HOST = "$(BUILT_PRODUCTS_DIR)/CookBook-Swift.app/CookBook-Swift";
			};
			name = Release;
		};
/* End XCBuildConfiguration section */

/* Begin XCConfigurationList section */
		3B32332619AFD0B6002C1CB6 /* Build configuration list for PBXProject "CookBook-Swift" */ = {
			isa = XCConfigurationList;
			buildConfigurations = (
				3B32334719AFD0B6002C1CB6 /* Debug */,
				3B32334819AFD0B6002C1CB6 /* Release */,
			);
			defaultConfigurationIsVisible = 0;
			defaultConfigurationName = Release;
		};
		3B32334919AFD0B6002C1CB6 /* Build configuration list for PBXNativeTarget "CookBook-Swift" */ = {
			isa = XCConfigurationList;
			buildConfigurations = (
				3B32334A19AFD0B6002C1CB6 /* Debug */,
				3B32334B19AFD0B6002C1CB6 /* Release */,
			);
			defaultConfigurationIsVisible = 0;
		};
		3B32334C19AFD0B6002C1CB6 /* Build configuration list for PBXNativeTarget "CookBook-SwiftTests" */ = {
			isa = XCConfigurationList;
			buildConfigurations = (
				3B32334D19AFD0B6002C1CB6 /* Debug */,
				3B32334E19AFD0B6002C1CB6 /* Release */,
			);
			defaultConfigurationIsVisible = 0;
		};
/* End XCConfigurationList section */
	};
	rootObject = 3B32332319AFD0B6002C1CB6 /* Project object */;
}
